// !$*UTF8*$!
{
	archiveVersion = 1;
	classes = {
	};
	objectVersion = 55;
	objects = {

/* Begin PBXBuildFile section */
		DC6FE8CF28FA874300302996 /* MenuItemModel.swift in Sources */ = {isa = PBXBuildFile; fileRef = DC6FE8CE28FA874300302996 /* MenuItemModel.swift */; };
		DC6FE8D228FAF62B00302996 /* SnapKit in Frameworks */ = {isa = PBXBuildFile; productRef = DC6FE8D128FAF62B00302996 /* SnapKit */; };
		DC6FE8D428FB0CC400302996 /* MenuPresenter.swift in Sources */ = {isa = PBXBuildFile; fileRef = DC6FE8D328FB0CC300302996 /* MenuPresenter.swift */; };
		DC6FE8D628FB0CD700302996 /* MenuInteractor.swift in Sources */ = {isa = PBXBuildFile; fileRef = DC6FE8D528FB0CD700302996 /* MenuInteractor.swift */; };
		DC7D647228F827C50058D7F1 /* AppDelegate.swift in Sources */ = {isa = PBXBuildFile; fileRef = DC7D647128F827C50058D7F1 /* AppDelegate.swift */; };
		DC7D647428F827C60058D7F1 /* SceneDelegate.swift in Sources */ = {isa = PBXBuildFile; fileRef = DC7D647328F827C60058D7F1 /* SceneDelegate.swift */; };
		DC7D647628F827C60058D7F1 /* MenuViewController.swift in Sources */ = {isa = PBXBuildFile; fileRef = DC7D647528F827C60058D7F1 /* MenuViewController.swift */; };
		DC7D647B28F827C80058D7F1 /* Assets.xcassets in Resources */ = {isa = PBXBuildFile; fileRef = DC7D647A28F827C80058D7F1 /* Assets.xcassets */; };
		DC7D647E28F827C80058D7F1 /* LaunchScreen.storyboard in Resources */ = {isa = PBXBuildFile; fileRef = DC7D647C28F827C80058D7F1 /* LaunchScreen.storyboard */; };
		DC7D648C28F83BCF0058D7F1 /* CategoriesCell.swift in Sources */ = {isa = PBXBuildFile; fileRef = DC7D648B28F83BCE0058D7F1 /* CategoriesCell.swift */; };
		DC7D649328F89EE10058D7F1 /* MenuItemCell.swift in Sources */ = {isa = PBXBuildFile; fileRef = DC7D649228F89EE10058D7F1 /* MenuItemCell.swift */; };
		DCA52D1728F9904A0098F05C /* HeaderView.swift in Sources */ = {isa = PBXBuildFile; fileRef = DCA52D1628F9904A0098F05C /* HeaderView.swift */; };
		DCA52D1928F9A1E60098F05C /* SpecialOfferCell.swift in Sources */ = {isa = PBXBuildFile; fileRef = DCA52D1828F9A1E60098F05C /* SpecialOfferCell.swift */; };
		DCA52D1D28F9A7F40098F05C /* NetworkManager.swift in Sources */ = {isa = PBXBuildFile; fileRef = DCA52D1C28F9A7F40098F05C /* NetworkManager.swift */; };
		DCA52D1F28F9B65D0098F05C /* HeaderModel.swift in Sources */ = {isa = PBXBuildFile; fileRef = DCA52D1E28F9B65D0098F05C /* HeaderModel.swift */; };
		DCBC59E828FB3F6D00D31A18 /* PresenterProtocols.swift in Sources */ = {isa = PBXBuildFile; fileRef = DCBC59E728FB3F6D00D31A18 /* PresenterProtocols.swift */; };
		DCBC59EA28FB3F8D00D31A18 /* ViewProtocols.swift in Sources */ = {isa = PBXBuildFile; fileRef = DCBC59E928FB3F8D00D31A18 /* ViewProtocols.swift */; };
		DCBC59EC28FB3FFA00D31A18 /* Assembler.swift in Sources */ = {isa = PBXBuildFile; fileRef = DCBC59EB28FB3FFA00D31A18 /* Assembler.swift */; };
		DCEA3B4228F93F3400F41021 /* EmptyView.swift in Sources */ = {isa = PBXBuildFile; fileRef = DCEA3B4128F93F3400F41021 /* EmptyView.swift */; };
/* End PBXBuildFile section */

/* Begin PBXFileReference section */
		DC6FE8CE28FA874300302996 /* MenuItemModel.swift */ = {isa = PBXFileReference; lastKnownFileType = sourcecode.swift; path = MenuItemModel.swift; sourceTree = "<group>"; };
		DC6FE8D328FB0CC300302996 /* MenuPresenter.swift */ = {isa = PBXFileReference; lastKnownFileType = sourcecode.swift; path = MenuPresenter.swift; sourceTree = "<group>"; };
		DC6FE8D528FB0CD700302996 /* MenuInteractor.swift */ = {isa = PBXFileReference; lastKnownFileType = sourcecode.swift; path = MenuInteractor.swift; sourceTree = "<group>"; };
		DC7D646E28F827C50058D7F1 /* DeliveryApp.app */ = {isa = PBXFileReference; explicitFileType = wrapper.application; includeInIndex = 0; path = DeliveryApp.app; sourceTree = BUILT_PRODUCTS_DIR; };
		DC7D647128F827C50058D7F1 /* AppDelegate.swift */ = {isa = PBXFileReference; lastKnownFileType = sourcecode.swift; path = AppDelegate.swift; sourceTree = "<group>"; };
		DC7D647328F827C60058D7F1 /* SceneDelegate.swift */ = {isa = PBXFileReference; lastKnownFileType = sourcecode.swift; path = SceneDelegate.swift; sourceTree = "<group>"; };
		DC7D647528F827C60058D7F1 /* MenuViewController.swift */ = {isa = PBXFileReference; lastKnownFileType = sourcecode.swift; path = MenuViewController.swift; sourceTree = "<group>"; };
		DC7D647A28F827C80058D7F1 /* Assets.xcassets */ = {isa = PBXFileReference; lastKnownFileType = folder.assetcatalog; path = Assets.xcassets; sourceTree = "<group>"; };
		DC7D647D28F827C80058D7F1 /* Base */ = {isa = PBXFileReference; lastKnownFileType = file.storyboard; name = Base; path = Base.lproj/LaunchScreen.storyboard; sourceTree = "<group>"; };
		DC7D647F28F827C80058D7F1 /* Info.plist */ = {isa = PBXFileReference; lastKnownFileType = text.plist.xml; path = Info.plist; sourceTree = "<group>"; };
		DC7D648B28F83BCE0058D7F1 /* CategoriesCell.swift */ = {isa = PBXFileReference; lastKnownFileType = sourcecode.swift; path = CategoriesCell.swift; sourceTree = "<group>"; };
		DC7D649228F89EE10058D7F1 /* MenuItemCell.swift */ = {isa = PBXFileReference; lastKnownFileType = sourcecode.swift; path = MenuItemCell.swift; sourceTree = "<group>"; };
		DCA52D1628F9904A0098F05C /* HeaderView.swift */ = {isa = PBXFileReference; lastKnownFileType = sourcecode.swift; path = HeaderView.swift; sourceTree = "<group>"; };
		DCA52D1828F9A1E60098F05C /* SpecialOfferCell.swift */ = {isa = PBXFileReference; lastKnownFileType = sourcecode.swift; path = SpecialOfferCell.swift; sourceTree = "<group>"; };
		DCA52D1C28F9A7F40098F05C /* NetworkManager.swift */ = {isa = PBXFileReference; lastKnownFileType = sourcecode.swift; path = NetworkManager.swift; sourceTree = "<group>"; };
		DCA52D1E28F9B65D0098F05C /* HeaderModel.swift */ = {isa = PBXFileReference; lastKnownFileType = sourcecode.swift; path = HeaderModel.swift; sourceTree = "<group>"; };
		DCBC59E728FB3F6D00D31A18 /* PresenterProtocols.swift */ = {isa = PBXFileReference; lastKnownFileType = sourcecode.swift; path = PresenterProtocols.swift; sourceTree = "<group>"; };
		DCBC59E928FB3F8D00D31A18 /* ViewProtocols.swift */ = {isa = PBXFileReference; lastKnownFileType = sourcecode.swift; path = ViewProtocols.swift; sourceTree = "<group>"; };
		DCBC59EB28FB3FFA00D31A18 /* Assembler.swift */ = {isa = PBXFileReference; lastKnownFileType = sourcecode.swift; path = Assembler.swift; sourceTree = "<group>"; };
		DCEA3B4128F93F3400F41021 /* EmptyView.swift */ = {isa = PBXFileReference; lastKnownFileType = sourcecode.swift; path = EmptyView.swift; sourceTree = "<group>"; };
/* End PBXFileReference section */

/* Begin PBXFrameworksBuildPhase section */
		DC7D646B28F827C50058D7F1 /* Frameworks */ = {
			isa = PBXFrameworksBuildPhase;
			buildActionMask = 2147483647;
			files = (
				DC6FE8D228FAF62B00302996 /* SnapKit in Frameworks */,
			);
			runOnlyForDeploymentPostprocessing = 0;
		};
/* End PBXFrameworksBuildPhase section */

/* Begin PBXGroup section */
		DC6FE8D728FB330700302996 /* Subviews */ = {
			isa = PBXGroup;
			children = (
				DCA52D1628F9904A0098F05C /* HeaderView.swift */,
				DCEA3B4128F93F3400F41021 /* EmptyView.swift */,
			);
			path = Subviews;
			sourceTree = "<group>";
		};
		DC7D646528F827C50058D7F1 = {
			isa = PBXGroup;
			children = (
				DC7D647028F827C50058D7F1 /* DeliveryApp */,
				DC7D646F28F827C50058D7F1 /* Products */,
			);
			sourceTree = "<group>";
		};
		DC7D646F28F827C50058D7F1 /* Products */ = {
			isa = PBXGroup;
			children = (
				DC7D646E28F827C50058D7F1 /* DeliveryApp.app */,
			);
			name = Products;
			sourceTree = "<group>";
		};
		DC7D647028F827C50058D7F1 /* DeliveryApp */ = {
			isa = PBXGroup;
			children = (
				DC7D648728F82C9E0058D7F1 /* Source */,
				DC7D648828F82CAF0058D7F1 /* Resource */,
			);
			path = DeliveryApp;
			sourceTree = "<group>";
		};
		DC7D648528F827F20058D7F1 /* App */ = {
			isa = PBXGroup;
			children = (
				DC7D647128F827C50058D7F1 /* AppDelegate.swift */,
				DC7D647328F827C60058D7F1 /* SceneDelegate.swift */,
			);
			path = App;
			sourceTree = "<group>";
		};
		DC7D648628F828030058D7F1 /* View */ = {
			isa = PBXGroup;
			children = (
				DCBC59E928FB3F8D00D31A18 /* ViewProtocols.swift */,
				DC7D647528F827C60058D7F1 /* MenuViewController.swift */,
				DC7D648A28F83BA00058D7F1 /* Cells */,
				DC6FE8D728FB330700302996 /* Subviews */,
			);
			path = View;
			sourceTree = "<group>";
		};
		DC7D648728F82C9E0058D7F1 /* Source */ = {
			isa = PBXGroup;
			children = (
				DCA52D1A28F9A78B0098F05C /* Services */,
				DC7D648D28F891840058D7F1 /* Modules */,
				DC7D648528F827F20058D7F1 /* App */,
				DCBC59ED28FB401D00D31A18 /* Assembler */,
			);
			path = Source;
			sourceTree = "<group>";
		};
		DC7D648828F82CAF0058D7F1 /* Resource */ = {
			isa = PBXGroup;
			children = (
				DC7D647A28F827C80058D7F1 /* Assets.xcassets */,
				DC7D647C28F827C80058D7F1 /* LaunchScreen.storyboard */,
				DC7D648928F82DA80058D7F1 /* Config */,
			);
			path = Resource;
			sourceTree = "<group>";
		};
		DC7D648928F82DA80058D7F1 /* Config */ = {
			isa = PBXGroup;
			children = (
				DC7D647F28F827C80058D7F1 /* Info.plist */,
			);
			path = Config;
			sourceTree = "<group>";
		};
		DC7D648A28F83BA00058D7F1 /* Cells */ = {
			isa = PBXGroup;
			children = (
				DC7D648B28F83BCE0058D7F1 /* CategoriesCell.swift */,
				DC7D649228F89EE10058D7F1 /* MenuItemCell.swift */,
				DCA52D1828F9A1E60098F05C /* SpecialOfferCell.swift */,
			);
			path = Cells;
			sourceTree = "<group>";
		};
		DC7D648D28F891840058D7F1 /* Modules */ = {
			isa = PBXGroup;
			children = (
				DC7D648628F828030058D7F1 /* View */,
				DC7D649028F891AC0058D7F1 /* Interactor */,
				DC7D648F28F891A40058D7F1 /* Presenter */,
				DC7D648E28F8919D0058D7F1 /* Entities */,
			);
			path = Modules;
			sourceTree = "<group>";
		};
		DC7D648E28F8919D0058D7F1 /* Entities */ = {
			isa = PBXGroup;
			children = (
				DCA52D1E28F9B65D0098F05C /* HeaderModel.swift */,
				DC6FE8CE28FA874300302996 /* MenuItemModel.swift */,
			);
			path = Entities;
			sourceTree = "<group>";
		};
		DC7D648F28F891A40058D7F1 /* Presenter */ = {
			isa = PBXGroup;
			children = (
				DC6FE8D328FB0CC300302996 /* MenuPresenter.swift */,
				DCBC59E728FB3F6D00D31A18 /* PresenterProtocols.swift */,
			);
			path = Presenter;
			sourceTree = "<group>";
		};
		DC7D649028F891AC0058D7F1 /* Interactor */ = {
			isa = PBXGroup;
			children = (
				DC6FE8D528FB0CD700302996 /* MenuInteractor.swift */,
			);
			path = Interactor;
			sourceTree = "<group>";
		};
		DCA52D1A28F9A78B0098F05C /* Services */ = {
			isa = PBXGroup;
			children = (
				DCA52D1C28F9A7F40098F05C /* NetworkManager.swift */,
			);
			path = Services;
			sourceTree = "<group>";
		};
		DCBC59ED28FB401D00D31A18 /* Assembler */ = {
			isa = PBXGroup;
			children = (
				DCBC59EB28FB3FFA00D31A18 /* Assembler.swift */,
			);
			path = Assembler;
			sourceTree = "<group>";
		};
/* End PBXGroup section */

/* Begin PBXNativeTarget section */
		DC7D646D28F827C50058D7F1 /* DeliveryApp */ = {
			isa = PBXNativeTarget;
			buildConfigurationList = DC7D648228F827C80058D7F1 /* Build configuration list for PBXNativeTarget "DeliveryApp" */;
			buildPhases = (
				DC7D646A28F827C50058D7F1 /* Sources */,
				DC7D646B28F827C50058D7F1 /* Frameworks */,
				DC7D646C28F827C50058D7F1 /* Resources */,
			);
			buildRules = (
			);
			dependencies = (
			);
			name = DeliveryApp;
			packageProductDependencies = (
				DC6FE8D128FAF62B00302996 /* SnapKit */,
			);
			productName = DeliveryApp;
			productReference = DC7D646E28F827C50058D7F1 /* DeliveryApp.app */;
			productType = "com.apple.product-type.application";
		};
/* End PBXNativeTarget section */

/* Begin PBXProject section */
		DC7D646628F827C50058D7F1 /* Project object */ = {
			isa = PBXProject;
			attributes = {
				BuildIndependentTargetsInParallel = 1;
				LastSwiftUpdateCheck = 1400;
				LastUpgradeCheck = 1400;
				TargetAttributes = {
					DC7D646D28F827C50058D7F1 = {
						CreatedOnToolsVersion = 14.0.1;
					};
				};
			};
			buildConfigurationList = DC7D646928F827C50058D7F1 /* Build configuration list for PBXProject "DeliveryApp" */;
			compatibilityVersion = "Xcode 13.0";
			developmentRegion = en;
			hasScannedForEncodings = 0;
			knownRegions = (
				en,
				Base,
			);
			mainGroup = DC7D646528F827C50058D7F1;
			packageReferences = (
				DC6FE8D028FAF62B00302996 /* XCRemoteSwiftPackageReference "SnapKit" */,
			);
			productRefGroup = DC7D646F28F827C50058D7F1 /* Products */;
			projectDirPath = "";
			projectRoot = "";
			targets = (
				DC7D646D28F827C50058D7F1 /* DeliveryApp */,
			);
		};
/* End PBXProject section */

/* Begin PBXResourcesBuildPhase section */
		DC7D646C28F827C50058D7F1 /* Resources */ = {
			isa = PBXResourcesBuildPhase;
			buildActionMask = 2147483647;
			files = (
				DC7D647E28F827C80058D7F1 /* LaunchScreen.storyboard in Resources */,
				DC7D647B28F827C80058D7F1 /* Assets.xcassets in Resources */,
			);
			runOnlyForDeploymentPostprocessing = 0;
		};
/* End PBXResourcesBuildPhase section */

/* Begin PBXSourcesBuildPhase section */
		DC7D646A28F827C50058D7F1 /* Sources */ = {
			isa = PBXSourcesBuildPhase;
			buildActionMask = 2147483647;
			files = (
				DCA52D1D28F9A7F40098F05C /* NetworkManager.swift in Sources */,
				DC7D647628F827C60058D7F1 /* MenuViewController.swift in Sources */,
				DCBC59E828FB3F6D00D31A18 /* PresenterProtocols.swift in Sources */,
				DC6FE8D628FB0CD700302996 /* MenuInteractor.swift in Sources */,
				DC7D648C28F83BCF0058D7F1 /* CategoriesCell.swift in Sources */,
				DC7D647228F827C50058D7F1 /* AppDelegate.swift in Sources */,
				DC6FE8CF28FA874300302996 /* MenuItemModel.swift in Sources */,
				DCBC59EA28FB3F8D00D31A18 /* ViewProtocols.swift in Sources */,
				DCBC59EC28FB3FFA00D31A18 /* Assembler.swift in Sources */,
				DCA52D1F28F9B65D0098F05C /* HeaderModel.swift in Sources */,
				DC7D649328F89EE10058D7F1 /* MenuItemCell.swift in Sources */,
				DCA52D1928F9A1E60098F05C /* SpecialOfferCell.swift in Sources */,
				DCEA3B4228F93F3400F41021 /* EmptyView.swift in Sources */,
				DC7D647428F827C60058D7F1 /* SceneDelegate.swift in Sources */,
				DCA52D1728F9904A0098F05C /* HeaderView.swift in Sources */,
				DC6FE8D428FB0CC400302996 /* MenuPresenter.swift in Sources */,
			);
			runOnlyForDeploymentPostprocessing = 0;
		};
/* End PBXSourcesBuildPhase section */

/* Begin PBXVariantGroup section */
		DC7D647C28F827C80058D7F1 /* LaunchScreen.storyboard */ = {
			isa = PBXVariantGroup;
			children = (
				DC7D647D28F827C80058D7F1 /* Base */,
			);
			name = LaunchScreen.storyboard;
			sourceTree = "<group>";
		};
/* End PBXVariantGroup section */

/* Begin XCBuildConfiguration section */
		DC7D648028F827C80058D7F1 /* Debug */ = {
			isa = XCBuildConfiguration;
			buildSettings = {
				ALWAYS_SEARCH_USER_PATHS = NO;
				CLANG_ANALYZER_NONNULL = YES;
				CLANG_ANALYZER_NUMBER_OBJECT_CONVERSION = YES_AGGRESSIVE;
				CLANG_CXX_LANGUAGE_STANDARD = "gnu++20";
				CLANG_ENABLE_MODULES = YES;
				CLANG_ENABLE_OBJC_ARC = YES;
				CLANG_ENABLE_OBJC_WEAK = YES;
				CLANG_WARN_BLOCK_CAPTURE_AUTORELEASING = YES;
				CLANG_WARN_BOOL_CONVERSION = YES;
				CLANG_WARN_COMMA = YES;
				CLANG_WARN_CONSTANT_CONVERSION = YES;
				CLANG_WARN_DEPRECATED_OBJC_IMPLEMENTATIONS = YES;
				CLANG_WARN_DIRECT_OBJC_ISA_USAGE = YES_ERROR;
				CLANG_WARN_DOCUMENTATION_COMMENTS = YES;
				CLANG_WARN_EMPTY_BODY = YES;
				CLANG_WARN_ENUM_CONVERSION = YES;
				CLANG_WARN_INFINITE_RECURSION = YES;
				CLANG_WARN_INT_CONVERSION = YES;
				CLANG_WARN_NON_LITERAL_NULL_CONVERSION = YES;
				CLANG_WARN_OBJC_IMPLICIT_RETAIN_SELF = YES;
				CLANG_WARN_OBJC_LITERAL_CONVERSION = YES;
				CLANG_WARN_OBJC_ROOT_CLASS = YES_ERROR;
				CLANG_WARN_QUOTED_INCLUDE_IN_FRAMEWORK_HEADER = YES;
				CLANG_WARN_RANGE_LOOP_ANALYSIS = YES;
				CLANG_WARN_STRICT_PROTOTYPES = YES;
				CLANG_WARN_SUSPICIOUS_MOVE = YES;
				CLANG_WARN_UNGUARDED_AVAILABILITY = YES_AGGRESSIVE;
				CLANG_WARN_UNREACHABLE_CODE = YES;
				CLANG_WARN__DUPLICATE_METHOD_MATCH = YES;
				COPY_PHASE_STRIP = NO;
				DEBUG_INFORMATION_FORMAT = dwarf;
				ENABLE_STRICT_OBJC_MSGSEND = YES;
				ENABLE_TESTABILITY = YES;
				GCC_C_LANGUAGE_STANDARD = gnu11;
				GCC_DYNAMIC_NO_PIC = NO;
				GCC_NO_COMMON_BLOCKS = YES;
				GCC_OPTIMIZATION_LEVEL = 0;
				GCC_PREPROCESSOR_DEFINITIONS = (
					"DEBUG=1",
					"$(inherited)",
				);
				GCC_WARN_64_TO_32_BIT_CONVERSION = YES;
				GCC_WARN_ABOUT_RETURN_TYPE = YES_ERROR;
				GCC_WARN_UNDECLARED_SELECTOR = YES;
				GCC_WARN_UNINITIALIZED_AUTOS = YES_AGGRESSIVE;
				GCC_WARN_UNUSED_FUNCTION = YES;
				GCC_WARN_UNUSED_VARIABLE = YES;
				IPHONEOS_DEPLOYMENT_TARGET = 13.0;
				MTL_ENABLE_DEBUG_INFO = INCLUDE_SOURCE;
				MTL_FAST_MATH = YES;
				ONLY_ACTIVE_ARCH = YES;
				SDKROOT = iphoneos;
				SWIFT_ACTIVE_COMPILATION_CONDITIONS = DEBUG;
				SWIFT_OPTIMIZATION_LEVEL = "-Onone";
			};
			name = Debug;
		};
		DC7D648128F827C80058D7F1 /* Release */ = {
			isa = XCBuildConfiguration;
			buildSettings = {
				ALWAYS_SEARCH_USER_PATHS = NO;
				CLANG_ANALYZER_NONNULL = YES;
				CLANG_ANALYZER_NUMBER_OBJECT_CONVERSION = YES_AGGRESSIVE;
				CLANG_CXX_LANGUAGE_STANDARD = "gnu++20";
				CLANG_ENABLE_MODULES = YES;
				CLANG_ENABLE_OBJC_ARC = YES;
				CLANG_ENABLE_OBJC_WEAK = YES;
				CLANG_WARN_BLOCK_CAPTURE_AUTORELEASING = YES;
				CLANG_WARN_BOOL_CONVERSION = YES;
				CLANG_WARN_COMMA = YES;
				CLANG_WARN_CONSTANT_CONVERSION = YES;
				CLANG_WARN_DEPRECATED_OBJC_IMPLEMENTATIONS = YES;
				CLANG_WARN_DIRECT_OBJC_ISA_USAGE = YES_ERROR;
				CLANG_WARN_DOCUMENTATION_COMMENTS = YES;
				CLANG_WARN_EMPTY_BODY = YES;
				CLANG_WARN_ENUM_CONVERSION = YES;
				CLANG_WARN_INFINITE_RECURSION = YES;
				CLANG_WARN_INT_CONVERSION = YES;
				CLANG_WARN_NON_LITERAL_NULL_CONVERSION = YES;
				CLANG_WARN_OBJC_IMPLICIT_RETAIN_SELF = YES;
				CLANG_WARN_OBJC_LITERAL_CONVERSION = YES;
				CLANG_WARN_OBJC_ROOT_CLASS = YES_ERROR;
				CLANG_WARN_QUOTED_INCLUDE_IN_FRAMEWORK_HEADER = YES;
				CLANG_WARN_RANGE_LOOP_ANALYSIS = YES;
				CLANG_WARN_STRICT_PROTOTYPES = YES;
				CLANG_WARN_SUSPICIOUS_MOVE = YES;
				CLANG_WARN_UNGUARDED_AVAILABILITY = YES_AGGRESSIVE;
				CLANG_WARN_UNREACHABLE_CODE = YES;
				CLANG_WARN__DUPLICATE_METHOD_MATCH = YES;
				COPY_PHASE_STRIP = NO;
				DEBUG_INFORMATION_FORMAT = "dwarf-with-dsym";
				ENABLE_NS_ASSERTIONS = NO;
				ENABLE_STRICT_OBJC_MSGSEND = YES;
				GCC_C_LANGUAGE_STANDARD = gnu11;
				GCC_NO_COMMON_BLOCKS = YES;
				GCC_WARN_64_TO_32_BIT_CONVERSION = YES;
				GCC_WARN_ABOUT_RETURN_TYPE = YES_ERROR;
				GCC_WARN_UNDECLARED_SELECTOR = YES;
				GCC_WARN_UNINITIALIZED_AUTOS = YES_AGGRESSIVE;
				GCC_WARN_UNUSED_FUNCTION = YES;
				GCC_WARN_UNUSED_VARIABLE = YES;
				IPHONEOS_DEPLOYMENT_TARGET = 13.0;
				MTL_ENABLE_DEBUG_INFO = NO;
				MTL_FAST_MATH = YES;
				SDKROOT = iphoneos;
				SWIFT_COMPILATION_MODE = wholemodule;
				SWIFT_OPTIMIZATION_LEVEL = "-O";
				VALIDATE_PRODUCT = YES;
			};
			name = Release;
		};
		DC7D648328F827C80058D7F1 /* Debug */ = {
			isa = XCBuildConfiguration;
			buildSettings = {
				ASSETCATALOG_COMPILER_APPICON_NAME = AppIcon;
				ASSETCATALOG_COMPILER_GLOBAL_ACCENT_COLOR_NAME = AccentColor;
				CODE_SIGN_STYLE = Automatic;
				CURRENT_PROJECT_VERSION = 1;
				DEVELOPMENT_TEAM = 5G3XQ776SS;
				GENERATE_INFOPLIST_FILE = YES;
				INFOPLIST_FILE = DeliveryApp/Resource/Config/Info.plist;
				INFOPLIST_KEY_UIApplicationSupportsIndirectInputEvents = YES;
				INFOPLIST_KEY_UILaunchStoryboardName = LaunchScreen.storyboard;
				INFOPLIST_KEY_UIMainStoryboardFile = "";
				INFOPLIST_KEY_UISupportedInterfaceOrientations = UIInterfaceOrientationPortrait;
				INFOPLIST_KEY_UISupportedInterfaceOrientations_iPad = "UIInterfaceOrientationLandscapeLeft UIInterfaceOrientationLandscapeRight UIInterfaceOrientationPortrait UIInterfaceOrientationPortraitUpsideDown";
				IPHONEOS_DEPLOYMENT_TARGET = 13.0;
				LD_RUNPATH_SEARCH_PATHS = (
					"$(inherited)",
					"@executable_path/Frameworks",
				);
				MARKETING_VERSION = 1.0;
				PRODUCT_BUNDLE_IDENTIFIER = com.my.DeliveryApp;
				PRODUCT_NAME = "$(TARGET_NAME)";
				SUPPORTED_PLATFORMS = "iphoneos iphonesimulator";
				SUPPORTS_MACCATALYST = NO;
				SUPPORTS_MAC_DESIGNED_FOR_IPHONE_IPAD = NO;
				SWIFT_EMIT_LOC_STRINGS = YES;
				SWIFT_VERSION = 5.0;
				TARGETED_DEVICE_FAMILY = 1;
			};
			name = Debug;
		};
		DC7D648428F827C80058D7F1 /* Release */ = {
			isa = XCBuildConfiguration;
			buildSettings = {
				ASSETCATALOG_COMPILER_APPICON_NAME = AppIcon;
				ASSETCATALOG_COMPILER_GLOBAL_ACCENT_COLOR_NAME = AccentColor;
				CODE_SIGN_STYLE = Automatic;
				CURRENT_PROJECT_VERSION = 1;
				DEVELOPMENT_TEAM = 5G3XQ776SS;
				GENERATE_INFOPLIST_FILE = YES;
				INFOPLIST_FILE = DeliveryApp/Resource/Config/Info.plist;
				INFOPLIST_KEY_UIApplicationSupportsIndirectInputEvents = YES;
				INFOPLIST_KEY_UILaunchStoryboardName = LaunchScreen.storyboard;
				INFOPLIST_KEY_UIMainStoryboardFile = "";
				INFOPLIST_KEY_UISupportedInterfaceOrientations = UIInterfaceOrientationPortrait;
				INFOPLIST_KEY_UISupportedInterfaceOrientations_iPad = "UIInterfaceOrientationLandscapeLeft UIInterfaceOrientationLandscapeRight UIInterfaceOrientationPortrait UIInterfaceOrientationPortraitUpsideDown";
				IPHONEOS_DEPLOYMENT_TARGET = 13.0;
				LD_RUNPATH_SEARCH_PATHS = (
					"$(inherited)",
					"@executable_path/Frameworks",
				);
				MARKETING_VERSION = 1.0;
				PRODUCT_BUNDLE_IDENTIFIER = com.my.DeliveryApp;
				PRODUCT_NAME = "$(TARGET_NAME)";
				SUPPORTED_PLATFORMS = "iphoneos iphonesimulator";
				SUPPORTS_MACCATALYST = NO;
				SUPPORTS_MAC_DESIGNED_FOR_IPHONE_IPAD = NO;
				SWIFT_EMIT_LOC_STRINGS = YES;
				SWIFT_VERSION = 5.0;
				TARGETED_DEVICE_FAMILY = 1;
			};
			name = Release;
		};
/* End XCBuildConfiguration section */

/* Begin XCConfigurationList section */
		DC7D646928F827C50058D7F1 /* Build configuration list for PBXProject "DeliveryApp" */ = {
			isa = XCConfigurationList;
			buildConfigurations = (
				DC7D648028F827C80058D7F1 /* Debug */,
				DC7D648128F827C80058D7F1 /* Release */,
			);
			defaultConfigurationIsVisible = 0;
			defaultConfigurationName = Release;
		};
		DC7D648228F827C80058D7F1 /* Build configuration list for PBXNativeTarget "DeliveryApp" */ = {
			isa = XCConfigurationList;
			buildConfigurations = (
				DC7D648328F827C80058D7F1 /* Debug */,
				DC7D648428F827C80058D7F1 /* Release */,
			);
			defaultConfigurationIsVisible = 0;
			defaultConfigurationName = Release;
		};
/* End XCConfigurationList section */

/* Begin XCRemoteSwiftPackageReference section */
		DC6FE8D028FAF62B00302996 /* XCRemoteSwiftPackageReference "SnapKit" */ = {
			isa = XCRemoteSwiftPackageReference;
			repositoryURL = "https://github.com/SnapKit/SnapKit.git";
			requirement = {
				kind = upToNextMajorVersion;
				minimumVersion = 5.0.0;
			};
		};
/* End XCRemoteSwiftPackageReference section */

/* Begin XCSwiftPackageProductDependency section */
		DC6FE8D128FAF62B00302996 /* SnapKit */ = {
			isa = XCSwiftPackageProductDependency;
			package = DC6FE8D028FAF62B00302996 /* XCRemoteSwiftPackageReference "SnapKit" */;
			productName = SnapKit;
		};
/* End XCSwiftPackageProductDependency section */
	};
	rootObject = DC7D646628F827C50058D7F1 /* Project object */;
}
